
Microsoft Visual Studio Solution File, Format Version 12.00
# Visual Studio Version 17
VisualStudioVersion = 17.8.34309.116
MinimumVisualStudioVersion = 10.0.40219.1
Project("{FAE04EC0-301F-11D3-BF4B-00C04F79EFBC}") = "WebApplication1", "WebApplication1\WebApplication1.csproj", "{132012E8-FF32-4C31-9041-570FF8911DF3}"
EndProject
Project("{FAE04EC0-301F-11D3-BF4B-00C04F79EFBC}") = "DevASPNET", "DevASPNET\DevASPNET.csproj", "{17B1A362-39A2-473D-B8D0-C4A32B62C782}"
EndProject
Project("{FAE04EC0-301F-11D3-BF4B-00C04F79EFBC}") = "DevStandardControl", "DevStandardControl\DevStandardControl.csproj", "{892C7D53-2059-4014-A3E1-139725B7EC90}"
EndProject
Global
	GlobalSection(SolutionConfigurationPlatforms) = preSolution
		Debug|Any CPU = Debug|Any CPU
		Release|Any CPU = Release|Any CPU
	EndGlobalSection
	GlobalSection(ProjectConfigurationPlatforms) = postSolution
		{132012E8-FF32-4C31-9041-570FF8911DF3}.Debug|Any CPU.ActiveCfg = Debug|Any CPU
		{132012E8-FF32-4C31-9041-570FF8911DF3}.Debug|Any CPU.Build.0 = Debug|Any CPU
		{132012E8-FF32-4C31-9041-570FF8911DF3}.Release|Any CPU.ActiveCfg = Release|Any CPU
		{132012E8-FF32-4C31-9041-570FF8911DF3}.Release|Any CPU.Build.0 = Release|Any CPU
		{17B1A362-39A2-473D-B8D0-C4A32B62C782}.Debug|Any CPU.ActiveCfg = Debug|Any CPU
		{17B1A362-39A2-473D-B8D0-C4A32B62C782}.Debug|Any CPU.Build.0 = Debug|Any CPU
		{17B1A362-39A2-473D-B8D0-C4A32B62C782}.Release|Any CPU.ActiveCfg = Release|Any CPU
		{17B1A362-39A2-473D-B8D0-C4A32B62C782}.Release|Any CPU.Build.0 = Release|Any CPU
		{892C7D53-2059-4014-A3E1-139725B7EC90}.Debug|Any CPU.ActiveCfg = Debug|Any CPU
		{892C7D53-2059-4014-A3E1-139725B7EC90}.Debug|Any CPU.Build.0 = Debug|Any CPU
		{892C7D53-2059-4014-A3E1-139725B7EC90}.Release|Any CPU.ActiveCfg = Release|Any CPU
		{892C7D53-2059-4014-A3E1-139725B7EC90}.Release|Any CPU.Build.0 = Release|Any CPU
	EndGlobalSection
	GlobalSection(SolutionProperties) = preSolution
		HideSolutionNode = FALSE
	EndGlobalSection
	GlobalSection(ExtensibilityGlobals) = postSolution
		SolutionGuid = {39E1F386-19B2-477D-BC3F-25AAB624F755}
	EndGlobalSection
EndGlobal
